
Microsoft Visual Studio Solution File, Format Version 12.00
# Visual Studio Version 17
VisualStudioVersion = 17.11.35312.102
MinimumVisualStudioVersion = 10.0.40219.1
Project("{FAE04EC0-301F-11D3-BF4B-00C04F79EFBC}") = "HealthyWay_2025", "HealthyWay_2025\HealthyWay_2025.csproj", "{347F3AD4-BABD-4FB9-B9BA-49D5ABEB357A}"
EndProject
Global
	GlobalSection(SolutionConfigurationPlatforms) = preSolution
		Debug|Any CPU = Debug|Any CPU
		Release|Any CPU = Release|Any CPU
	EndGlobalSection
	GlobalSection(ProjectConfigurationPlatforms) = postSolution
		{347F3AD4-BABD-4FB9-B9BA-49D5ABEB357A}.Debug|Any CPU.ActiveCfg = Debug|Any CPU
		{347F3AD4-BABD-4FB9-B9BA-49D5ABEB357A}.Debug|Any CPU.Build.0 = Debug|Any CPU
		{347F3AD4-BABD-4FB9-B9BA-49D5ABEB357A}.Release|Any CPU.ActiveCfg = Release|Any CPU
		{347F3AD4-BABD-4FB9-B9BA-49D5ABEB357A}.Release|Any CPU.Build.0 = Release|Any CPU
	EndGlobalSection
	GlobalSection(SolutionProperties) = preSolution
		HideSolutionNode = FALSE
	EndGlobalSection
	GlobalSection(ExtensibilityGlobals) = postSolution
		SolutionGuid = {56B52839-6C2E-4F28-A2FD-571E39ACDD5C}
	EndGlobalSection
EndGlobal
